// !$*UTF8*$!
{
	archiveVersion = 1;
	classes = {
	};
	objectVersion = 50;
	objects = {

/* Begin PBXBuildFile section */
		2A85225224DEC61E0080ABA0 /* Tests_iOS.swift in Sources */ = {isa = PBXBuildFile; fileRef = 2A85225124DEC61E0080ABA0 /* Tests_iOS.swift */; };
		2A85225D24DEC61E0080ABA0 /* Tests_macOS.swift in Sources */ = {isa = PBXBuildFile; fileRef = 2A85225C24DEC61E0080ABA0 /* Tests_macOS.swift */; };
		2A85225F24DEC61E0080ABA0 /* MyUniversal2AppApp.swift in Sources */ = {isa = PBXBuildFile; fileRef = 2A85223624DEC61B0080ABA0 /* MyUniversal2AppApp.swift */; };
		2A85226024DEC61E0080ABA0 /* MyUniversal2AppApp.swift in Sources */ = {isa = PBXBuildFile; fileRef = 2A85223624DEC61B0080ABA0 /* MyUniversal2AppApp.swift */; };
		2A85226124DEC61E0080ABA0 /* ContentView.swift in Sources */ = {isa = PBXBuildFile; fileRef = 2A85223724DEC61B0080ABA0 /* ContentView.swift */; };
		2A85226224DEC61E0080ABA0 /* ContentView.swift in Sources */ = {isa = PBXBuildFile; fileRef = 2A85223724DEC61B0080ABA0 /* ContentView.swift */; };
		2A85226324DEC61E0080ABA0 /* Assets.xcassets in Resources */ = {isa = PBXBuildFile; fileRef = 2A85223824DEC61E0080ABA0 /* Assets.xcassets */; };
		2A85226424DEC61E0080ABA0 /* Assets.xcassets in Resources */ = {isa = PBXBuildFile; fileRef = 2A85223824DEC61E0080ABA0 /* Assets.xcassets */; };
/* End PBXBuildFile section */

/* Begin PBXContainerItemProxy section */
		2A85224E24DEC61E0080ABA0 /* PBXContainerItemProxy */ = {
			isa = PBXContainerItemProxy;
			containerPortal = 2A85223124DEC61A0080ABA0 /* Project object */;
			proxyType = 1;
			remoteGlobalIDString = 2A85223C24DEC61E0080ABA0;
			remoteInfo = "MyUniversal2App (iOS)";
		};
		2A85225924DEC61E0080ABA0 /* PBXContainerItemProxy */ = {
			isa = PBXContainerItemProxy;
			containerPortal = 2A85223124DEC61A0080ABA0 /* Project object */;
			proxyType = 1;
			remoteGlobalIDString = 2A85224424DEC61E0080ABA0;
			remoteInfo = "MyUniversal2App (macOS)";
		};
/* End PBXContainerItemProxy section */

/* Begin PBXFileReference section */
		2A85223624DEC61B0080ABA0 /* MyUniversal2AppApp.swift */ = {isa = PBXFileReference; lastKnownFileType = sourcecode.swift; path = MyUniversal2AppApp.swift; sourceTree = "<group>"; };
		2A85223724DEC61B0080ABA0 /* ContentView.swift */ = {isa = PBXFileReference; lastKnownFileType = sourcecode.swift; path = ContentView.swift; sourceTree = "<group>"; };
		2A85223824DEC61E0080ABA0 /* Assets.xcassets */ = {isa = PBXFileReference; lastKnownFileType = folder.assetcatalog; path = Assets.xcassets; sourceTree = "<group>"; };
		2A85223D24DEC61E0080ABA0 /* MyUniversal2App.app */ = {isa = PBXFileReference; explicitFileType = wrapper.application; includeInIndex = 0; path = MyUniversal2App.app; sourceTree = BUILT_PRODUCTS_DIR; };
		2A85224024DEC61E0080ABA0 /* Info.plist */ = {isa = PBXFileReference; lastKnownFileType = text.plist.xml; path = Info.plist; sourceTree = "<group>"; };
		2A85224524DEC61E0080ABA0 /* MyUniversal2App.app */ = {isa = PBXFileReference; explicitFileType = wrapper.application; includeInIndex = 0; path = MyUniversal2App.app; sourceTree = BUILT_PRODUCTS_DIR; };
		2A85224724DEC61E0080ABA0 /* Info.plist */ = {isa = PBXFileReference; lastKnownFileType = text.plist.xml; path = Info.plist; sourceTree = "<group>"; };
		2A85224824DEC61E0080ABA0 /* macOS.entitlements */ = {isa = PBXFileReference; lastKnownFileType = text.plist.entitlements; path = macOS.entitlements; sourceTree = "<group>"; };
		2A85224D24DEC61E0080ABA0 /* Tests iOS.xctest */ = {isa = PBXFileReference; explicitFileType = wrapper.cfbundle; includeInIndex = 0; path = "Tests iOS.xctest"; sourceTree = BUILT_PRODUCTS_DIR; };
		2A85225124DEC61E0080ABA0 /* Tests_iOS.swift */ = {isa = PBXFileReference; lastKnownFileType = sourcecode.swift; path = Tests_iOS.swift; sourceTree = "<group>"; };
		2A85225324DEC61E0080ABA0 /* Info.plist */ = {isa = PBXFileReference; lastKnownFileType = text.plist.xml; path = Info.plist; sourceTree = "<group>"; };
		2A85225824DEC61E0080ABA0 /* Tests macOS.xctest */ = {isa = PBXFileReference; explicitFileType = wrapper.cfbundle; includeInIndex = 0; path = "Tests macOS.xctest"; sourceTree = BUILT_PRODUCTS_DIR; };
		2A85225C24DEC61E0080ABA0 /* Tests_macOS.swift */ = {isa = PBXFileReference; lastKnownFileType = sourcecode.swift; path = Tests_macOS.swift; sourceTree = "<group>"; };
		2A85225E24DEC61E0080ABA0 /* Info.plist */ = {isa = PBXFileReference; lastKnownFileType = text.plist.xml; path = Info.plist; sourceTree = "<group>"; };
/* End PBXFileReference section */

/* Begin PBXFrameworksBuildPhase section */
		2A85223A24DEC61E0080ABA0 /* Frameworks */ = {
			isa = PBXFrameworksBuildPhase;
			buildActionMask = 2147483647;
			files = (
			);
			runOnlyForDeploymentPostprocessing = 0;
		};
		2A85224224DEC61E0080ABA0 /* Frameworks */ = {
			isa = PBXFrameworksBuildPhase;
			buildActionMask = 2147483647;
			files = (
			);
			runOnlyForDeploymentPostprocessing = 0;
		};
		2A85224A24DEC61E0080ABA0 /* Frameworks */ = {
			isa = PBXFrameworksBuildPhase;
			buildActionMask = 2147483647;
			files = (
			);
			runOnlyForDeploymentPostprocessing = 0;
		};
		2A85225524DEC61E0080ABA0 /* Frameworks */ = {
			isa = PBXFrameworksBuildPhase;
			buildActionMask = 2147483647;
			files = (
			);
			runOnlyForDeploymentPostprocessing = 0;
		};
/* End PBXFrameworksBuildPhase section */

/* Begin PBXGroup section */
		2A85223024DEC61A0080ABA0 = {
			isa = PBXGroup;
			children = (
				2A85223524DEC61B0080ABA0 /* Shared */,
				2A85223F24DEC61E0080ABA0 /* iOS */,
				2A85224624DEC61E0080ABA0 /* macOS */,
				2A85225024DEC61E0080ABA0 /* Tests iOS */,
				2A85225B24DEC61E0080ABA0 /* Tests macOS */,
				2A85223E24DEC61E0080ABA0 /* Products */,
			);
			sourceTree = "<group>";
		};
		2A85223524DEC61B0080ABA0 /* Shared */ = {
			isa = PBXGroup;
			children = (
				2A85223624DEC61B0080ABA0 /* MyUniversal2AppApp.swift */,
				2A85223724DEC61B0080ABA0 /* ContentView.swift */,
				2A85223824DEC61E0080ABA0 /* Assets.xcassets */,
			);
			path = Shared;
			sourceTree = "<group>";
		};
		2A85223E24DEC61E0080ABA0 /* Products */ = {
			isa = PBXGroup;
			children = (
				2A85223D24DEC61E0080ABA0 /* MyUniversal2App.app */,
				2A85224524DEC61E0080ABA0 /* MyUniversal2App.app */,
				2A85224D24DEC61E0080ABA0 /* Tests iOS.xctest */,
				2A85225824DEC61E0080ABA0 /* Tests macOS.xctest */,
			);
			name = Products;
			sourceTree = "<group>";
		};
		2A85223F24DEC61E0080ABA0 /* iOS */ = {
			isa = PBXGroup;
			children = (
				2A85224024DEC61E0080ABA0 /* Info.plist */,
			);
			path = iOS;
			sourceTree = "<group>";
		};
		2A85224624DEC61E0080ABA0 /* macOS */ = {
			isa = PBXGroup;
			children = (
				2A85224724DEC61E0080ABA0 /* Info.plist */,
				2A85224824DEC61E0080ABA0 /* macOS.entitlements */,
			);
			path = macOS;
			sourceTree = "<group>";
		};
		2A85225024DEC61E0080ABA0 /* Tests iOS */ = {
			isa = PBXGroup;
			children = (
				2A85225124DEC61E0080ABA0 /* Tests_iOS.swift */,
				2A85225324DEC61E0080ABA0 /* Info.plist */,
			);
			path = "Tests iOS";
			sourceTree = "<group>";
		};
		2A85225B24DEC61E0080ABA0 /* Tests macOS */ = {
			isa = PBXGroup;
			children = (
				2A85225C24DEC61E0080ABA0 /* Tests_macOS.swift */,
				2A85225E24DEC61E0080ABA0 /* Info.plist */,
			);
			path = "Tests macOS";
			sourceTree = "<group>";
		};
/* End PBXGroup section */

/* Begin PBXNativeTarget section */
		2A85223C24DEC61E0080ABA0 /* MyUniversal2App (iOS) */ = {
			isa = PBXNativeTarget;
			buildConfigurationList = 2A85226724DEC61E0080ABA0 /* Build configuration list for PBXNativeTarget "MyUniversal2App (iOS)" */;
			buildPhases = (
				2A85223924DEC61E0080ABA0 /* Sources */,
				2A85223A24DEC61E0080ABA0 /* Frameworks */,
				2A85223B24DEC61E0080ABA0 /* Resources */,
			);
			buildRules = (
			);
			dependencies = (
			);
			name = "MyUniversal2App (iOS)";
			productName = "MyUniversal2App (iOS)";
			productReference = 2A85223D24DEC61E0080ABA0 /* MyUniversal2App.app */;
			productType = "com.apple.product-type.application";
		};
		2A85224424DEC61E0080ABA0 /* MyUniversal2App (macOS) */ = {
			isa = PBXNativeTarget;
			buildConfigurationList = 2A85226A24DEC61E0080ABA0 /* Build configuration list for PBXNativeTarget "MyUniversal2App (macOS)" */;
			buildPhases = (
				2A85224124DEC61E0080ABA0 /* Sources */,
				2A85224224DEC61E0080ABA0 /* Frameworks */,
				2A85224324DEC61E0080ABA0 /* Resources */,
			);
			buildRules = (
			);
			dependencies = (
			);
			name = "MyUniversal2App (macOS)";
			productName = "MyUniversal2App (macOS)";
			productReference = 2A85224524DEC61E0080ABA0 /* MyUniversal2App.app */;
			productType = "com.apple.product-type.application";
		};
		2A85224C24DEC61E0080ABA0 /* Tests iOS */ = {
			isa = PBXNativeTarget;
			buildConfigurationList = 2A85226D24DEC61E0080ABA0 /* Build configuration list for PBXNativeTarget "Tests iOS" */;
			buildPhases = (
				2A85224924DEC61E0080ABA0 /* Sources */,
				2A85224A24DEC61E0080ABA0 /* Frameworks */,
				2A85224B24DEC61E0080ABA0 /* Resources */,
			);
			buildRules = (
			);
			dependencies = (
				2A85224F24DEC61E0080ABA0 /* PBXTargetDependency */,
			);
			name = "Tests iOS";
			productName = "Tests iOS";
			productReference = 2A85224D24DEC61E0080ABA0 /* Tests iOS.xctest */;
			productType = "com.apple.product-type.bundle.ui-testing";
		};
		2A85225724DEC61E0080ABA0 /* Tests macOS */ = {
			isa = PBXNativeTarget;
			buildConfigurationList = 2A85227024DEC61E0080ABA0 /* Build configuration list for PBXNativeTarget "Tests macOS" */;
			buildPhases = (
				2A85225424DEC61E0080ABA0 /* Sources */,
				2A85225524DEC61E0080ABA0 /* Frameworks */,
				2A85225624DEC61E0080ABA0 /* Resources */,
			);
			buildRules = (
			);
			dependencies = (
				2A85225A24DEC61E0080ABA0 /* PBXTargetDependency */,
			);
			name = "Tests macOS";
			productName = "Tests macOS";
			productReference = 2A85225824DEC61E0080ABA0 /* Tests macOS.xctest */;
			productType = "com.apple.product-type.bundle.ui-testing";
		};
/* End PBXNativeTarget section */

/* Begin PBXProject section */
		2A85223124DEC61A0080ABA0 /* Project object */ = {
			isa = PBXProject;
			attributes = {
				LastSwiftUpdateCheck = 1200;
				LastUpgradeCheck = 1200;
				TargetAttributes = {
					2A85223C24DEC61E0080ABA0 = {
						CreatedOnToolsVersion = 12.0;
					};
					2A85224424DEC61E0080ABA0 = {
						CreatedOnToolsVersion = 12.0;
					};
					2A85224C24DEC61E0080ABA0 = {
						CreatedOnToolsVersion = 12.0;
						TestTargetID = 2A85223C24DEC61E0080ABA0;
					};
					2A85225724DEC61E0080ABA0 = {
						CreatedOnToolsVersion = 12.0;
						TestTargetID = 2A85224424DEC61E0080ABA0;
					};
				};
			};
			buildConfigurationList = 2A85223424DEC61A0080ABA0 /* Build configuration list for PBXProject "MyUniversal2App" */;
			compatibilityVersion = "Xcode 9.3";
			developmentRegion = en;
			hasScannedForEncodings = 0;
			knownRegions = (
				en,
				Base,
			);
			mainGroup = 2A85223024DEC61A0080ABA0;
			productRefGroup = 2A85223E24DEC61E0080ABA0 /* Products */;
			projectDirPath = "";
			projectRoot = "";
			targets = (
				2A85223C24DEC61E0080ABA0 /* MyUniversal2App (iOS) */,
				2A85224424DEC61E0080ABA0 /* MyUniversal2App (macOS) */,
				2A85224C24DEC61E0080ABA0 /* Tests iOS */,
				2A85225724DEC61E0080ABA0 /* Tests macOS */,
			);
		};
/* End PBXProject section */

/* Begin PBXResourcesBuildPhase section */
		2A85223B24DEC61E0080ABA0 /* Resources */ = {
			isa = PBXResourcesBuildPhase;
			buildActionMask = 2147483647;
			files = (
				2A85226324DEC61E0080ABA0 /* Assets.xcassets in Resources */,
			);
			runOnlyForDeploymentPostprocessing = 0;
		};
		2A85224324DEC61E0080ABA0 /* Resources */ = {
			isa = PBXResourcesBuildPhase;
			buildActionMask = 2147483647;
			files = (
				2A85226424DEC61E0080ABA0 /* Assets.xcassets in Resources */,
			);
			runOnlyForDeploymentPostprocessing = 0;
		};
		2A85224B24DEC61E0080ABA0 /* Resources */ = {
			isa = PBXResourcesBuildPhase;
			buildActionMask = 2147483647;
			files = (
			);
			runOnlyForDeploymentPostprocessing = 0;
		};
		2A85225624DEC61E0080ABA0 /* Resources */ = {
			isa = PBXResourcesBuildPhase;
			buildActionMask = 2147483647;
			files = (
			);
			runOnlyForDeploymentPostprocessing = 0;
		};
/* End PBXResourcesBuildPhase section */

/* Begin PBXSourcesBuildPhase section */
		2A85223924DEC61E0080ABA0 /* Sources */ = {
			isa = PBXSourcesBuildPhase;
			buildActionMask = 2147483647;
			files = (
				2A85226124DEC61E0080ABA0 /* ContentView.swift in Sources */,
				2A85225F24DEC61E0080ABA0 /* MyUniversal2AppApp.swift in Sources */,
			);
			runOnlyForDeploymentPostprocessing = 0;
		};
		2A85224124DEC61E0080ABA0 /* Sources */ = {
			isa = PBXSourcesBuildPhase;
			buildActionMask = 2147483647;
			files = (
				2A85226224DEC61E0080ABA0 /* ContentView.swift in Sources */,
				2A85226024DEC61E0080ABA0 /* MyUniversal2AppApp.swift in Sources */,
			);
			runOnlyForDeploymentPostprocessing = 0;
		};
		2A85224924DEC61E0080ABA0 /* Sources */ = {
			isa = PBXSourcesBuildPhase;
			buildActionMask = 2147483647;
			files = (
				2A85225224DEC61E0080ABA0 /* Tests_iOS.swift in Sources */,
			);
			runOnlyForDeploymentPostprocessing = 0;
		};
		2A85225424DEC61E0080ABA0 /* Sources */ = {
			isa = PBXSourcesBuildPhase;
			buildActionMask = 2147483647;
			files = (
				2A85225D24DEC61E0080ABA0 /* Tests_macOS.swift in Sources */,
			);
			runOnlyForDeploymentPostprocessing = 0;
		};
/* End PBXSourcesBuildPhase section */

/* Begin PBXTargetDependency section */
		2A85224F24DEC61E0080ABA0 /* PBXTargetDependency */ = {
			isa = PBXTargetDependency;
			target = 2A85223C24DEC61E0080ABA0 /* MyUniversal2App (iOS) */;
			targetProxy = 2A85224E24DEC61E0080ABA0 /* PBXContainerItemProxy */;
		};
		2A85225A24DEC61E0080ABA0 /* PBXTargetDependency */ = {
			isa = PBXTargetDependency;
			target = 2A85224424DEC61E0080ABA0 /* MyUniversal2App (macOS) */;
			targetProxy = 2A85225924DEC61E0080ABA0 /* PBXContainerItemProxy */;
		};
/* End PBXTargetDependency section */

/* Begin XCBuildConfiguration section */
		2A85226524DEC61E0080ABA0 /* Debug */ = {
			isa = XCBuildConfiguration;
			buildSettings = {
				ALWAYS_SEARCH_USER_PATHS = NO;
				CLANG_ANALYZER_NONNULL = YES;
				CLANG_ANALYZER_NUMBER_OBJECT_CONVERSION = YES_AGGRESSIVE;
				CLANG_CXX_LANGUAGE_STANDARD = "gnu++14";
				CLANG_CXX_LIBRARY = "libc++";
				CLANG_ENABLE_MODULES = YES;
				CLANG_ENABLE_OBJC_ARC = YES;
				CLANG_ENABLE_OBJC_WEAK = YES;
				CLANG_WARN_BLOCK_CAPTURE_AUTORELEASING = YES;
				CLANG_WARN_BOOL_CONVERSION = YES;
				CLANG_WARN_COMMA = YES;
				CLANG_WARN_CONSTANT_CONVERSION = YES;
				CLANG_WARN_DEPRECATED_OBJC_IMPLEMENTATIONS = YES;
				CLANG_WARN_DIRECT_OBJC_ISA_USAGE = YES_ERROR;
				CLANG_WARN_DOCUMENTATION_COMMENTS = YES;
				CLANG_WARN_EMPTY_BODY = YES;
				CLANG_WARN_ENUM_CONVERSION = YES;
				CLANG_WARN_INFINITE_RECURSION = YES;
				CLANG_WARN_INT_CONVERSION = YES;
				CLANG_WARN_NON_LITERAL_NULL_CONVERSION = YES;
				CLANG_WARN_OBJC_IMPLICIT_RETAIN_SELF = YES;
				CLANG_WARN_OBJC_LITERAL_CONVERSION = YES;
				CLANG_WARN_OBJC_ROOT_CLASS = YES_ERROR;
				CLANG_WARN_QUOTED_INCLUDE_IN_FRAMEWORK_HEADER = YES;
				CLANG_WARN_RANGE_LOOP_ANALYSIS = YES;
				CLANG_WARN_STRICT_PROTOTYPES = YES;
				CLANG_WARN_SUSPICIOUS_MOVE = YES;
				CLANG_WARN_UNGUARDED_AVAILABILITY = YES_AGGRESSIVE;
				CLANG_WARN_UNREACHABLE_CODE = YES;
				CLANG_WARN__DUPLICATE_METHOD_MATCH = YES;
				COPY_PHASE_STRIP = NO;
				DEBUG_INFORMATION_FORMAT = dwarf;
				ENABLE_STRICT_OBJC_MSGSEND = YES;
				ENABLE_TESTABILITY = YES;
				GCC_C_LANGUAGE_STANDARD = gnu11;
				GCC_DYNAMIC_NO_PIC = NO;
				GCC_NO_COMMON_BLOCKS = YES;
				GCC_OPTIMIZATION_LEVEL = 0;
				GCC_PREPROCESSOR_DEFINITIONS = (
					"DEBUG=1",
					"$(inherited)",
				);
				GCC_WARN_64_TO_32_BIT_CONVERSION = YES;
				GCC_WARN_ABOUT_RETURN_TYPE = YES_ERROR;
				GCC_WARN_UNDECLARED_SELECTOR = YES;
				GCC_WARN_UNINITIALIZED_AUTOS = YES_AGGRESSIVE;
				GCC_WARN_UNUSED_FUNCTION = YES;
				GCC_WARN_UNUSED_VARIABLE = YES;
				MTL_ENABLE_DEBUG_INFO = INCLUDE_SOURCE;
				MTL_FAST_MATH = YES;
				ONLY_ACTIVE_ARCH = YES;
				SWIFT_ACTIVE_COMPILATION_CONDITIONS = DEBUG;
				SWIFT_OPTIMIZATION_LEVEL = "-Onone";
			};
			name = Debug;
		};
		2A85226624DEC61E0080ABA0 /* Release */ = {
			isa = XCBuildConfiguration;
			buildSettings = {
				ALWAYS_SEARCH_USER_PATHS = NO;
				CLANG_ANALYZER_NONNULL = YES;
				CLANG_ANALYZER_NUMBER_OBJECT_CONVERSION = YES_AGGRESSIVE;
				CLANG_CXX_LANGUAGE_STANDARD = "gnu++14";
				CLANG_CXX_LIBRARY = "libc++";
				CLANG_ENABLE_MODULES = YES;
				CLANG_ENABLE_OBJC_ARC = YES;
				CLANG_ENABLE_OBJC_WEAK = YES;
				CLANG_WARN_BLOCK_CAPTURE_AUTORELEASING = YES;
				CLANG_WARN_BOOL_CONVERSION = YES;
				CLANG_WARN_COMMA = YES;
				CLANG_WARN_CONSTANT_CONVERSION = YES;
				CLANG_WARN_DEPRECATED_OBJC_IMPLEMENTATIONS = YES;
				CLANG_WARN_DIRECT_OBJC_ISA_USAGE = YES_ERROR;
				CLANG_WARN_DOCUMENTATION_COMMENTS = YES;
				CLANG_WARN_EMPTY_BODY = YES;
				CLANG_WARN_ENUM_CONVERSION = YES;
				CLANG_WARN_INFINITE_RECURSION = YES;
				CLANG_WARN_INT_CONVERSION = YES;
				CLANG_WARN_NON_LITERAL_NULL_CONVERSION = YES;
				CLANG_WARN_OBJC_IMPLICIT_RETAIN_SELF = YES;
				CLANG_WARN_OBJC_LITERAL_CONVERSION = YES;
				CLANG_WARN_OBJC_ROOT_CLASS = YES_ERROR;
				CLANG_WARN_QUOTED_INCLUDE_IN_FRAMEWORK_HEADER = YES;
				CLANG_WARN_RANGE_LOOP_ANALYSIS = YES;
				CLANG_WARN_STRICT_PROTOTYPES = YES;
				CLANG_WARN_SUSPICIOUS_MOVE = YES;
				CLANG_WARN_UNGUARDED_AVAILABILITY = YES_AGGRESSIVE;
				CLANG_WARN_UNREACHABLE_CODE = YES;
				CLANG_WARN__DUPLICATE_METHOD_MATCH = YES;
				COPY_PHASE_STRIP = NO;
				DEBUG_INFORMATION_FORMAT = "dwarf-with-dsym";
				ENABLE_NS_ASSERTIONS = NO;
				ENABLE_STRICT_OBJC_MSGSEND = YES;
				GCC_C_LANGUAGE_STANDARD = gnu11;
				GCC_NO_COMMON_BLOCKS = YES;
				GCC_WARN_64_TO_32_BIT_CONVERSION = YES;
				GCC_WARN_ABOUT_RETURN_TYPE = YES_ERROR;
				GCC_WARN_UNDECLARED_SELECTOR = YES;
				GCC_WARN_UNINITIALIZED_AUTOS = YES_AGGRESSIVE;
				GCC_WARN_UNUSED_FUNCTION = YES;
				GCC_WARN_UNUSED_VARIABLE = YES;
				MTL_ENABLE_DEBUG_INFO = NO;
				MTL_FAST_MATH = YES;
				SWIFT_COMPILATION_MODE = wholemodule;
				SWIFT_OPTIMIZATION_LEVEL = "-O";
			};
			name = Release;
		};
		2A85226824DEC61E0080ABA0 /* Debug */ = {
			isa = XCBuildConfiguration;
			buildSettings = {
				ASSETCATALOG_COMPILER_APPICON_NAME = AppIcon;
				ASSETCATALOG_COMPILER_GLOBAL_ACCENT_COLOR_NAME = AccentColor;
				CODE_SIGN_STYLE = Automatic;
				DEVELOPMENT_TEAM = 7X96N7YP25;
				ENABLE_PREVIEWS = YES;
				INFOPLIST_FILE = iOS/Info.plist;
				IPHONEOS_DEPLOYMENT_TARGET = 14.0;
				LD_RUNPATH_SEARCH_PATHS = (
					"$(inherited)",
					"@executable_path/Frameworks",
				);
				PRODUCT_BUNDLE_IDENTIFIER = com.github.ay65535.MyUniversal2App;
				PRODUCT_NAME = MyUniversal2App;
				SDKROOT = iphoneos;
				SWIFT_VERSION = 5.0;
				TARGETED_DEVICE_FAMILY = "1,2";
			};
			name = Debug;
		};
		2A85226924DEC61E0080ABA0 /* Release */ = {
			isa = XCBuildConfiguration;
			buildSettings = {
				ASSETCATALOG_COMPILER_APPICON_NAME = AppIcon;
				ASSETCATALOG_COMPILER_GLOBAL_ACCENT_COLOR_NAME = AccentColor;
				CODE_SIGN_STYLE = Automatic;
				DEVELOPMENT_TEAM = 7X96N7YP25;
				ENABLE_PREVIEWS = YES;
				INFOPLIST_FILE = iOS/Info.plist;
				IPHONEOS_DEPLOYMENT_TARGET = 14.0;
				LD_RUNPATH_SEARCH_PATHS = (
					"$(inherited)",
					"@executable_path/Frameworks",
				);
				PRODUCT_BUNDLE_IDENTIFIER = com.github.ay65535.MyUniversal2App;
				PRODUCT_NAME = MyUniversal2App;
				SDKROOT = iphoneos;
				SWIFT_VERSION = 5.0;
				TARGETED_DEVICE_FAMILY = "1,2";
				VALIDATE_PRODUCT = YES;
			};
			name = Release;
		};
		2A85226B24DEC61E0080ABA0 /* Debug */ = {
			isa = XCBuildConfiguration;
			buildSettings = {
				ASSETCATALOG_COMPILER_APPICON_NAME = AppIcon;
				ASSETCATALOG_COMPILER_GLOBAL_ACCENT_COLOR_NAME = AccentColor;
				CODE_SIGN_ENTITLEMENTS = macOS/macOS.entitlements;
				CODE_SIGN_STYLE = Automatic;
				COMBINE_HIDPI_IMAGES = YES;
				DEVELOPMENT_TEAM = 7X96N7YP25;
				ENABLE_HARDENED_RUNTIME = YES;
				ENABLE_PREVIEWS = YES;
				INFOPLIST_FILE = macOS/Info.plist;
				LD_RUNPATH_SEARCH_PATHS = (
					"$(inherited)",
					"@executable_path/../Frameworks",
				);
				MACOSX_DEPLOYMENT_TARGET = 11.0;
				PRODUCT_BUNDLE_IDENTIFIER = com.github.ay65535.MyUniversal2App;
				PRODUCT_NAME = MyUniversal2App;
				SDKROOT = macosx;
				SWIFT_VERSION = 5.0;
			};
			name = Debug;
		};
		2A85226C24DEC61E0080ABA0 /* Release */ = {
			isa = XCBuildConfiguration;
			buildSettings = {
				ASSETCATALOG_COMPILER_APPICON_NAME = AppIcon;
				ASSETCATALOG_COMPILER_GLOBAL_ACCENT_COLOR_NAME = AccentColor;
				CODE_SIGN_ENTITLEMENTS = macOS/macOS.entitlements;
				CODE_SIGN_STYLE = Automatic;
				COMBINE_HIDPI_IMAGES = YES;
				DEVELOPMENT_TEAM = 7X96N7YP25;
				ENABLE_HARDENED_RUNTIME = YES;
				ENABLE_PREVIEWS = YES;
				INFOPLIST_FILE = macOS/Info.plist;
				LD_RUNPATH_SEARCH_PATHS = (
					"$(inherited)",
					"@executable_path/../Frameworks",
				);
				MACOSX_DEPLOYMENT_TARGET = 11.0;
				PRODUCT_BUNDLE_IDENTIFIER = com.github.ay65535.MyUniversal2App;
				PRODUCT_NAME = MyUniversal2App;
				SDKROOT = macosx;
				SWIFT_VERSION = 5.0;
			};
			name = Release;
		};
		2A85226E24DEC61E0080ABA0 /* Debug */ = {
			isa = XCBuildConfiguration;
			buildSettings = {
				ALWAYS_EMBED_SWIFT_STANDARD_LIBRARIES = YES;
				CODE_SIGN_STYLE = Automatic;
				DEVELOPMENT_TEAM = 7X96N7YP25;
				INFOPLIST_FILE = "Tests iOS/Info.plist";
				IPHONEOS_DEPLOYMENT_TARGET = 14.0;
				LD_RUNPATH_SEARCH_PATHS = (
					"$(inherited)",
					"@executable_path/Frameworks",
					"@loader_path/Frameworks",
				);
				PRODUCT_BUNDLE_IDENTIFIER = "com.github.ay65535.Tests-iOS";
				PRODUCT_NAME = "$(TARGET_NAME)";
				SDKROOT = iphoneos;
				SWIFT_VERSION = 5.0;
				TARGETED_DEVICE_FAMILY = "1,2";
				TEST_TARGET_NAME = "MyUniversal2App (iOS)";
			};
			name = Debug;
		};
		2A85226F24DEC61E0080ABA0 /* Release */ = {
			isa = XCBuildConfiguration;
			buildSettings = {
				ALWAYS_EMBED_SWIFT_STANDARD_LIBRARIES = YES;
				CODE_SIGN_STYLE = Automatic;
				DEVELOPMENT_TEAM = 7X96N7YP25;
				INFOPLIST_FILE = "Tests iOS/Info.plist";
				IPHONEOS_DEPLOYMENT_TARGET = 14.0;
				LD_RUNPATH_SEARCH_PATHS = (
					"$(inherited)",
					"@executable_path/Frameworks",
					"@loader_path/Frameworks",
				);
				PRODUCT_BUNDLE_IDENTIFIER = "com.github.ay65535.Tests-iOS";
				PRODUCT_NAME = "$(TARGET_NAME)";
				SDKROOT = iphoneos;
				SWIFT_VERSION = 5.0;
				TARGETED_DEVICE_FAMILY = "1,2";
				TEST_TARGET_NAME = "MyUniversal2App (iOS)";
				VALIDATE_PRODUCT = YES;
			};
			name = Release;
		};
		2A85227124DEC61E0080ABA0 /* Debug */ = {
			isa = XCBuildConfiguration;
			buildSettings = {
				ALWAYS_EMBED_SWIFT_STANDARD_LIBRARIES = YES;
				CODE_SIGN_STYLE = Automatic;
				COMBINE_HIDPI_IMAGES = YES;
				DEVELOPMENT_TEAM = 7X96N7YP25;
				INFOPLIST_FILE = "Tests macOS/Info.plist";
				LD_RUNPATH_SEARCH_PATHS = (
					"$(inherited)",
					"@executable_path/../Frameworks",
					"@loader_path/../Frameworks",
				);
				MACOSX_DEPLOYMENT_TARGET = 11.0;
				PRODUCT_BUNDLE_IDENTIFIER = "com.github.ay65535.Tests-macOS";
				PRODUCT_NAME = "$(TARGET_NAME)";
				SDKROOT = macosx;
				SWIFT_VERSION = 5.0;
				TEST_TARGET_NAME = "MyUniversal2App (macOS)";
			};
			name = Debug;
		};
		2A85227224DEC61E0080ABA0 /* Release */ = {
			isa = XCBuildConfiguration;
			buildSettings = {
				ALWAYS_EMBED_SWIFT_STANDARD_LIBRARIES = YES;
				CODE_SIGN_STYLE = Automatic;
				COMBINE_HIDPI_IMAGES = YES;
				DEVELOPMENT_TEAM = 7X96N7YP25;
				INFOPLIST_FILE = "Tests macOS/Info.plist";
				LD_RUNPATH_SEARCH_PATHS = (
					"$(inherited)",
					"@executable_path/../Frameworks",
					"@loader_path/../Frameworks",
				);
				MACOSX_DEPLOYMENT_TARGET = 11.0;
				PRODUCT_BUNDLE_IDENTIFIER = "com.github.ay65535.Tests-macOS";
				PRODUCT_NAME = "$(TARGET_NAME)";
				SDKROOT = macosx;
				SWIFT_VERSION = 5.0;
				TEST_TARGET_NAME = "MyUniversal2App (macOS)";
			};
			name = Release;
		};
/* End XCBuildConfiguration section */

/* Begin XCConfigurationList section */
		2A85223424DEC61A0080ABA0 /* Build configuration list for PBXProject "MyUniversal2App" */ = {
			isa = XCConfigurationList;
			buildConfigurations = (
				2A85226524DEC61E0080ABA0 /* Debug */,
				2A85226624DEC61E0080ABA0 /* Release */,
			);
			defaultConfigurationIsVisible = 0;
			defaultConfigurationName = Release;
		};
		2A85226724DEC61E0080ABA0 /* Build configuration list for PBXNativeTarget "MyUniversal2App (iOS)" */ = {
			isa = XCConfigurationList;
			buildConfigurations = (
				2A85226824DEC61E0080ABA0 /* Debug */,
				2A85226924DEC61E0080ABA0 /* Release */,
			);
			defaultConfigurationIsVisible = 0;
			defaultConfigurationName = Release;
		};
		2A85226A24DEC61E0080ABA0 /* Build configuration list for PBXNativeTarget "MyUniversal2App (macOS)" */ = {
			isa = XCConfigurationList;
			buildConfigurations = (
				2A85226B24DEC61E0080ABA0 /* Debug */,
				2A85226C24DEC61E0080ABA0 /* Release */,
			);
			defaultConfigurationIsVisible = 0;
			defaultConfigurationName = Release;
		};
		2A85226D24DEC61E0080ABA0 /* Build configuration list for PBXNativeTarget "Tests iOS" */ = {
			isa = XCConfigurationList;
			buildConfigurations = (
				2A85226E24DEC61E0080ABA0 /* Debug */,
				2A85226F24DEC61E0080ABA0 /* Release */,
			);
			defaultConfigurationIsVisible = 0;
			defaultConfigurationName = Release;
		};
		2A85227024DEC61E0080ABA0 /* Build configuration list for PBXNativeTarget "Tests macOS" */ = {
			isa = XCConfigurationList;
			buildConfigurations = (
				2A85227124DEC61E0080ABA0 /* Debug */,
				2A85227224DEC61E0080ABA0 /* Release */,
			);
			defaultConfigurationIsVisible = 0;
			defaultConfigurationName = Release;
		};
/* End XCConfigurationList section */
	};
	rootObject = 2A85223124DEC61A0080ABA0 /* Project object */;
}
